
Microsoft Visual Studio Solution File, Format Version 12.00
# Visual Studio Version 17
VisualStudioVersion = 17.3.32901.215
MinimumVisualStudioVersion = 10.0.40219.1
Project("{FAE04EC0-301F-11D3-BF4B-00C04F79EFBC}") = "ConsoleApp11", "ConsoleApp11\ConsoleApp11.csproj", "{5421BD13-BFDE-4130-BD77-A37724E25962}"
EndProject
Global
	GlobalSection(SolutionConfigurationPlatforms) = preSolution
		Debug|Any CPU = Debug|Any CPU
		Release|Any CPU = Release|Any CPU
	EndGlobalSection
	GlobalSection(ProjectConfigurationPlatforms) = postSolution
		{5421BD13-BFDE-4130-BD77-A37724E25962}.Debug|Any CPU.ActiveCfg = Debug|Any CPU
		{5421BD13-BFDE-4130-BD77-A37724E25962}.Debug|Any CPU.Build.0 = Debug|Any CPU
		{5421BD13-BFDE-4130-BD77-A37724E25962}.Release|Any CPU.ActiveCfg = Release|Any CPU
		{5421BD13-BFDE-4130-BD77-A37724E25962}.Release|Any CPU.Build.0 = Release|Any CPU
	EndGlobalSection
	GlobalSection(SolutionProperties) = preSolution
		HideSolutionNode = FALSE
	EndGlobalSection
	GlobalSection(ExtensibilityGlobals) = postSolution
		SolutionGuid = {3BC279A2-75A7-462D-842E-9E533CCA90BB}
	EndGlobalSection
EndGlobal
